
Microsoft Visual Studio Solution File, Format Version 12.00
# Visual Studio Version 16
VisualStudioVersion = 16.0.29503.13
MinimumVisualStudioVersion = 10.0.40219.1
Project("{9A19103F-16F7-4668-BE54-9A1E7A4F7556}") = "WangJun.NC.YunDocument", "WangJun.NC.YunDocument.csproj", "{6CDE42FF-C588-4F2C-BC6E-95F32DB012C2}"
EndProject
Project("{9A19103F-16F7-4668-BE54-9A1E7A4F7556}") = "WangJun.NC.YunDocument.Models", "..\WangJun.NC.YunDocument.Models\WangJun.NC.YunDocument.Models.csproj", "{1025F597-7C21-45B5-9DFB-DC66F4FED7B0}"
EndProject
Project("{9A19103F-16F7-4668-BE54-9A1E7A4F7556}") = "WangJun.NC.YunDocument.Config", "..\WangJun.NC.YunDocument.Config\WangJun.NC.YunDocument.Config.csproj", "{06F6A020-713F-49F2-9AF8-CE257BE48337}"
EndProject
Project("{9A19103F-16F7-4668-BE54-9A1E7A4F7556}") = "WangJun.NC.YunUtils", "..\..\WangJun.NC.YunUtils\WangJun.NC.YunUtils\WangJun.NC.YunUtils.csproj", "{F6DE3814-C13D-4B8A-8471-570C70FA7619}"
EndProject
Project("{9A19103F-16F7-4668-BE54-9A1E7A4F7556}") = "WangJun.NC.YunDocument.Runner", "..\WangJun.NC.YunDocument.Runner\WangJun.NC.YunDocument.Runner.csproj", "{2F5E1342-6166-403F-9BFD-FA807711B3EB}"
EndProject
Project("{9A19103F-16F7-4668-BE54-9A1E7A4F7556}") = "WangJun.NC.YunDocument.WebAPI", "..\WangJun.NC.YunDocument.WebAPI\WangJun.NC.YunDocument.WebAPI.csproj", "{C572AF87-26FD-4DF4-913C-3E9A907FFCC2}"
EndProject
Project("{FAE04EC0-301F-11D3-BF4B-00C04F79EFBC}") = "WangJun.NC.YunStockService", "..\WangJun.NC.YunStockService\WangJun.NC.YunStockService.csproj", "{BD5815AC-FF07-4738-BECD-3DD730DD39CF}"
EndProject
Project("{FAE04EC0-301F-11D3-BF4B-00C04F79EFBC}") = "WangJun.NC.YunStockService.Runner", "..\WangJun.NC.YunStockService.Runner\WangJun.NC.YunStockService.Runner.csproj", "{D52EF442-53D3-4AEC-9E6E-ECF671B70236}"
EndProject
Global
	GlobalSection(SolutionConfigurationPlatforms) = preSolution
		Debug|Any CPU = Debug|Any CPU
		Release|Any CPU = Release|Any CPU
	EndGlobalSection
	GlobalSection(ProjectConfigurationPlatforms) = postSolution
		{6CDE42FF-C588-4F2C-BC6E-95F32DB012C2}.Debug|Any CPU.ActiveCfg = Debug|Any CPU
		{6CDE42FF-C588-4F2C-BC6E-95F32DB012C2}.Debug|Any CPU.Build.0 = Debug|Any CPU
		{6CDE42FF-C588-4F2C-BC6E-95F32DB012C2}.Release|Any CPU.ActiveCfg = Release|Any CPU
		{6CDE42FF-C588-4F2C-BC6E-95F32DB012C2}.Release|Any CPU.Build.0 = Release|Any CPU
		{1025F597-7C21-45B5-9DFB-DC66F4FED7B0}.Debug|Any CPU.ActiveCfg = Debug|Any CPU
		{1025F597-7C21-45B5-9DFB-DC66F4FED7B0}.Debug|Any CPU.Build.0 = Debug|Any CPU
		{1025F597-7C21-45B5-9DFB-DC66F4FED7B0}.Release|Any CPU.ActiveCfg = Release|Any CPU
		{1025F597-7C21-45B5-9DFB-DC66F4FED7B0}.Release|Any CPU.Build.0 = Release|Any CPU
		{06F6A020-713F-49F2-9AF8-CE257BE48337}.Debug|Any CPU.ActiveCfg = Debug|Any CPU
		{06F6A020-713F-49F2-9AF8-CE257BE48337}.Debug|Any CPU.Build.0 = Debug|Any CPU
		{06F6A020-713F-49F2-9AF8-CE257BE48337}.Release|Any CPU.ActiveCfg = Release|Any CPU
		{06F6A020-713F-49F2-9AF8-CE257BE48337}.Release|Any CPU.Build.0 = Release|Any CPU
		{F6DE3814-C13D-4B8A-8471-570C70FA7619}.Debug|Any CPU.ActiveCfg = Debug|Any CPU
		{F6DE3814-C13D-4B8A-8471-570C70FA7619}.Debug|Any CPU.Build.0 = Debug|Any CPU
		{F6DE3814-C13D-4B8A-8471-570C70FA7619}.Release|Any CPU.ActiveCfg = Release|Any CPU
		{F6DE3814-C13D-4B8A-8471-570C70FA7619}.Release|Any CPU.Build.0 = Release|Any CPU
		{2F5E1342-6166-403F-9BFD-FA807711B3EB}.Debug|Any CPU.ActiveCfg = Debug|Any CPU
		{2F5E1342-6166-403F-9BFD-FA807711B3EB}.Debug|Any CPU.Build.0 = Debug|Any CPU
		{2F5E1342-6166-403F-9BFD-FA807711B3EB}.Release|Any CPU.ActiveCfg = Release|Any CPU
		{2F5E1342-6166-403F-9BFD-FA807711B3EB}.Release|Any CPU.Build.0 = Release|Any CPU
		{C572AF87-26FD-4DF4-913C-3E9A907FFCC2}.Debug|Any CPU.ActiveCfg = Debug|Any CPU
		{C572AF87-26FD-4DF4-913C-3E9A907FFCC2}.Debug|Any CPU.Build.0 = Debug|Any CPU
		{C572AF87-26FD-4DF4-913C-3E9A907FFCC2}.Release|Any CPU.ActiveCfg = Release|Any CPU
		{C572AF87-26FD-4DF4-913C-3E9A907FFCC2}.Release|Any CPU.Build.0 = Release|Any CPU
		{BD5815AC-FF07-4738-BECD-3DD730DD39CF}.Debug|Any CPU.ActiveCfg = Debug|Any CPU
		{BD5815AC-FF07-4738-BECD-3DD730DD39CF}.Debug|Any CPU.Build.0 = Debug|Any CPU
		{BD5815AC-FF07-4738-BECD-3DD730DD39CF}.Release|Any CPU.ActiveCfg = Release|Any CPU
		{BD5815AC-FF07-4738-BECD-3DD730DD39CF}.Release|Any CPU.Build.0 = Release|Any CPU
		{D52EF442-53D3-4AEC-9E6E-ECF671B70236}.Debug|Any CPU.ActiveCfg = Debug|Any CPU
		{D52EF442-53D3-4AEC-9E6E-ECF671B70236}.Debug|Any CPU.Build.0 = Debug|Any CPU
		{D52EF442-53D3-4AEC-9E6E-ECF671B70236}.Release|Any CPU.ActiveCfg = Release|Any CPU
		{D52EF442-53D3-4AEC-9E6E-ECF671B70236}.Release|Any CPU.Build.0 = Release|Any CPU
	EndGlobalSection
	GlobalSection(SolutionProperties) = preSolution
		HideSolutionNode = FALSE
	EndGlobalSection
	GlobalSection(ExtensibilityGlobals) = postSolution
		SolutionGuid = {E806A7AB-9189-43BE-B60C-39CD75CFF38A}
	EndGlobalSection
EndGlobal
